<Solution>
  <Folder Name="/src/">
    <Project Path="src/OrderSystem.Api/OrderSystem.Api.csproj" />
    <Project Path="src/OrderSystem.Application/OrderSystem.Application.csproj" />
    <Project Path="src/OrderSystem.Domain/OrderSystem.Domain.csproj" />
    <Project Path="src/OrderSystem.Infrastructure/OrderSystem.Infrastructure.csproj" />
  </Folder>
</Solution>
